
Microsoft Visual Studio Solution File, Format Version 12.00
# Visual Studio Version 16
VisualStudioVersion = 16.0.30320.27
MinimumVisualStudioVersion = 10.0.40219.1
Project("{FAE04EC0-301F-11D3-BF4B-00C04F79EFBC}") = "ISAD251REF", "ISAD251REF.csproj", "{8127CE1B-1B4C-4D81-9AE5-7D0AE242EBD3}"
EndProject
Global
	GlobalSection(SolutionConfigurationPlatforms) = preSolution
		Debug|Any CPU = Debug|Any CPU
		Release|Any CPU = Release|Any CPU
	EndGlobalSection
	GlobalSection(ProjectConfigurationPlatforms) = postSolution
		{8127CE1B-1B4C-4D81-9AE5-7D0AE242EBD3}.Debug|Any CPU.ActiveCfg = Debug|Any CPU
		{8127CE1B-1B4C-4D81-9AE5-7D0AE242EBD3}.Debug|Any CPU.Build.0 = Debug|Any CPU
		{8127CE1B-1B4C-4D81-9AE5-7D0AE242EBD3}.Release|Any CPU.ActiveCfg = Release|Any CPU
		{8127CE1B-1B4C-4D81-9AE5-7D0AE242EBD3}.Release|Any CPU.Build.0 = Release|Any CPU
	EndGlobalSection
	GlobalSection(SolutionProperties) = preSolution
		HideSolutionNode = FALSE
	EndGlobalSection
	GlobalSection(ExtensibilityGlobals) = postSolution
		SolutionGuid = {9A6156EE-2058-47FA-BC4D-660415FA7AC9}
	EndGlobalSection
EndGlobal
